// !$*UTF8*$!
{
	archiveVersion = 1;
	classes = {
	};
	objectVersion = 46;
	objects = {

/* Begin PBXBuildFile section */
		18D61E1F1DAA213E000DB6CE /* main.m in Sources */ = {isa = PBXBuildFile; fileRef = 18D61E1E1DAA213E000DB6CE /* main.m */; };
		18D61E221DAA213E000DB6CE /* AppDelegate.m in Sources */ = {isa = PBXBuildFile; fileRef = 18D61E211DAA213E000DB6CE /* AppDelegate.m */; };
		18D61E251DAA213E000DB6CE /* ViewController.m in Sources */ = {isa = PBXBuildFile; fileRef = 18D61E241DAA213E000DB6CE /* ViewController.m */; };
		18D61E281DAA213E000DB6CE /* Main.storyboard in Resources */ = {isa = PBXBuildFile; fileRef = 18D61E261DAA213E000DB6CE /* Main.storyboard */; };
		18D61E2A1DAA213E000DB6CE /* Assets.xcassets in Resources */ = {isa = PBXBuildFile; fileRef = 18D61E291DAA213E000DB6CE /* Assets.xcassets */; };
		18D61E2D1DAA213E000DB6CE /* LaunchScreen.storyboard in Resources */ = {isa = PBXBuildFile; fileRef = 18D61E2B1DAA213E000DB6CE /* LaunchScreen.storyboard */; };
		18D61E371DAA281F000DB6CE /* FirstViewController.m in Sources */ = {isa = PBXBuildFile; fileRef = 18D61E351DAA281F000DB6CE /* FirstViewController.m */; };
		18D61E381DAA281F000DB6CE /* FirstViewController.xib in Resources */ = {isa = PBXBuildFile; fileRef = 18D61E361DAA281F000DB6CE /* FirstViewController.xib */; };
		18D61E3C1DAA2832000DB6CE /* SecondViewController.m in Sources */ = {isa = PBXBuildFile; fileRef = 18D61E3A1DAA2832000DB6CE /* SecondViewController.m */; };
		18D61E3D1DAA2832000DB6CE /* SecondViewController.xib in Resources */ = {isa = PBXBuildFile; fileRef = 18D61E3B1DAA2832000DB6CE /* SecondViewController.xib */; };
		18D61E411DAA2848000DB6CE /* ThirdViewController.m in Sources */ = {isa = PBXBuildFile; fileRef = 18D61E3F1DAA2848000DB6CE /* ThirdViewController.m */; };
		18D61E421DAA2848000DB6CE /* ThirdViewController.xib in Resources */ = {isa = PBXBuildFile; fileRef = 18D61E401DAA2848000DB6CE /* ThirdViewController.xib */; };
		18D61E451DAA344D000DB6CE /* Animal.m in Sources */ = {isa = PBXBuildFile; fileRef = 18D61E441DAA344D000DB6CE /* Animal.m */; };
		18D61E481DAA34D6000DB6CE /* Dog.m in Sources */ = {isa = PBXBuildFile; fileRef = 18D61E471DAA34D6000DB6CE /* Dog.m */; };
		18D61E4B1DAA3D6C000DB6CE /* Eat.m in Sources */ = {isa = PBXBuildFile; fileRef = 18D61E4A1DAA3D6C000DB6CE /* Eat.m */; };
/* End PBXBuildFile section */

/* Begin PBXFileReference section */
		18D61E1A1DAA213E000DB6CE /* iPad.app */ = {isa = PBXFileReference; explicitFileType = wrapper.application; includeInIndex = 0; path = iPad.app; sourceTree = BUILT_PRODUCTS_DIR; };
		18D61E1E1DAA213E000DB6CE /* main.m */ = {isa = PBXFileReference; lastKnownFileType = sourcecode.c.objc; path = main.m; sourceTree = "<group>"; };
		18D61E201DAA213E000DB6CE /* AppDelegate.h */ = {isa = PBXFileReference; lastKnownFileType = sourcecode.c.h; path = AppDelegate.h; sourceTree = "<group>"; };
		18D61E211DAA213E000DB6CE /* AppDelegate.m */ = {isa = PBXFileReference; lastKnownFileType = sourcecode.c.objc; path = AppDelegate.m; sourceTree = "<group>"; };
		18D61E231DAA213E000DB6CE /* ViewController.h */ = {isa = PBXFileReference; lastKnownFileType = sourcecode.c.h; path = ViewController.h; sourceTree = "<group>"; };
		18D61E241DAA213E000DB6CE /* ViewController.m */ = {isa = PBXFileReference; lastKnownFileType = sourcecode.c.objc; path = ViewController.m; sourceTree = "<group>"; };
		18D61E271DAA213E000DB6CE /* Base */ = {isa = PBXFileReference; lastKnownFileType = file.storyboard; name = Base; path = Base.lproj/Main.storyboard; sourceTree = "<group>"; };
		18D61E291DAA213E000DB6CE /* Assets.xcassets */ = {isa = PBXFileReference; lastKnownFileType = folder.assetcatalog; path = Assets.xcassets; sourceTree = "<group>"; };
		18D61E2C1DAA213E000DB6CE /* Base */ = {isa = PBXFileReference; lastKnownFileType = file.storyboard; name = Base; path = Base.lproj/LaunchScreen.storyboard; sourceTree = "<group>"; };
		18D61E2E1DAA213E000DB6CE /* Info.plist */ = {isa = PBXFileReference; lastKnownFileType = text.plist.xml; path = Info.plist; sourceTree = "<group>"; };
		18D61E341DAA281F000DB6CE /* FirstViewController.h */ = {isa = PBXFileReference; fileEncoding = 4; lastKnownFileType = sourcecode.c.h; path = FirstViewController.h; sourceTree = "<group>"; };
		18D61E351DAA281F000DB6CE /* FirstViewController.m */ = {isa = PBXFileReference; fileEncoding = 4; lastKnownFileType = sourcecode.c.objc; path = FirstViewController.m; sourceTree = "<group>"; };
		18D61E361DAA281F000DB6CE /* FirstViewController.xib */ = {isa = PBXFileReference; fileEncoding = 4; lastKnownFileType = file.xib; path = FirstViewController.xib; sourceTree = "<group>"; };
		18D61E391DAA2832000DB6CE /* SecondViewController.h */ = {isa = PBXFileReference; fileEncoding = 4; lastKnownFileType = sourcecode.c.h; path = SecondViewController.h; sourceTree = "<group>"; };
		18D61E3A1DAA2832000DB6CE /* SecondViewController.m */ = {isa = PBXFileReference; fileEncoding = 4; lastKnownFileType = sourcecode.c.objc; path = SecondViewController.m; sourceTree = "<group>"; };
		18D61E3B1DAA2832000DB6CE /* SecondViewController.xib */ = {isa = PBXFileReference; fileEncoding = 4; lastKnownFileType = file.xib; path = SecondViewController.xib; sourceTree = "<group>"; };
		18D61E3E1DAA2848000DB6CE /* ThirdViewController.h */ = {isa = PBXFileReference; fileEncoding = 4; lastKnownFileType = sourcecode.c.h; path = ThirdViewController.h; sourceTree = "<group>"; };
		18D61E3F1DAA2848000DB6CE /* ThirdViewController.m */ = {isa = PBXFileReference; fileEncoding = 4; lastKnownFileType = sourcecode.c.objc; path = ThirdViewController.m; sourceTree = "<group>"; };
		18D61E401DAA2848000DB6CE /* ThirdViewController.xib */ = {isa = PBXFileReference; fileEncoding = 4; lastKnownFileType = file.xib; path = ThirdViewController.xib; sourceTree = "<group>"; };
		18D61E431DAA344D000DB6CE /* Animal.h */ = {isa = PBXFileReference; fileEncoding = 4; lastKnownFileType = sourcecode.c.h; path = Animal.h; sourceTree = "<group>"; };
		18D61E441DAA344D000DB6CE /* Animal.m */ = {isa = PBXFileReference; fileEncoding = 4; lastKnownFileType = sourcecode.c.objc; path = Animal.m; sourceTree = "<group>"; };
		18D61E461DAA34D6000DB6CE /* Dog.h */ = {isa = PBXFileReference; fileEncoding = 4; lastKnownFileType = sourcecode.c.h; path = Dog.h; sourceTree = "<group>"; };
		18D61E471DAA34D6000DB6CE /* Dog.m */ = {isa = PBXFileReference; fileEncoding = 4; lastKnownFileType = sourcecode.c.objc; path = Dog.m; sourceTree = "<group>"; };
		18D61E491DAA3D6C000DB6CE /* Eat.h */ = {isa = PBXFileReference; fileEncoding = 4; lastKnownFileType = sourcecode.c.h; path = Eat.h; sourceTree = "<group>"; };
		18D61E4A1DAA3D6C000DB6CE /* Eat.m */ = {isa = PBXFileReference; fileEncoding = 4; lastKnownFileType = sourcecode.c.objc; path = Eat.m; sourceTree = "<group>"; };
/* End PBXFileReference section */

/* Begin PBXFrameworksBuildPhase section */
		18D61E171DAA213E000DB6CE /* Frameworks */ = {
			isa = PBXFrameworksBuildPhase;
			buildActionMask = 2147483647;
			files = (
			);
			runOnlyForDeploymentPostprocessing = 0;
		};
/* End PBXFrameworksBuildPhase section */

/* Begin PBXGroup section */
		18D61E111DAA213E000DB6CE = {
			isa = PBXGroup;
			children = (
				18D61E1C1DAA213E000DB6CE /* iPad */,
				18D61E1B1DAA213E000DB6CE /* Products */,
			);
			sourceTree = "<group>";
		};
		18D61E1B1DAA213E000DB6CE /* Products */ = {
			isa = PBXGroup;
			children = (
				18D61E1A1DAA213E000DB6CE /* iPad.app */,
			);
			name = Products;
			sourceTree = "<group>";
		};
		18D61E1C1DAA213E000DB6CE /* iPad */ = {
			isa = PBXGroup;
			children = (
				18D61E201DAA213E000DB6CE /* AppDelegate.h */,
				18D61E211DAA213E000DB6CE /* AppDelegate.m */,
				18D61E231DAA213E000DB6CE /* ViewController.h */,
				18D61E241DAA213E000DB6CE /* ViewController.m */,
				18D61E431DAA344D000DB6CE /* Animal.h */,
				18D61E441DAA344D000DB6CE /* Animal.m */,
				18D61E461DAA34D6000DB6CE /* Dog.h */,
				18D61E471DAA34D6000DB6CE /* Dog.m */,
				18D61E491DAA3D6C000DB6CE /* Eat.h */,
				18D61E4A1DAA3D6C000DB6CE /* Eat.m */,
				18D61E261DAA213E000DB6CE /* Main.storyboard */,
				18D61E341DAA281F000DB6CE /* FirstViewController.h */,
				18D61E351DAA281F000DB6CE /* FirstViewController.m */,
				18D61E361DAA281F000DB6CE /* FirstViewController.xib */,
				18D61E391DAA2832000DB6CE /* SecondViewController.h */,
				18D61E3A1DAA2832000DB6CE /* SecondViewController.m */,
				18D61E3B1DAA2832000DB6CE /* SecondViewController.xib */,
				18D61E3E1DAA2848000DB6CE /* ThirdViewController.h */,
				18D61E3F1DAA2848000DB6CE /* ThirdViewController.m */,
				18D61E401DAA2848000DB6CE /* ThirdViewController.xib */,
				18D61E291DAA213E000DB6CE /* Assets.xcassets */,
				18D61E2B1DAA213E000DB6CE /* LaunchScreen.storyboard */,
				18D61E2E1DAA213E000DB6CE /* Info.plist */,
				18D61E1D1DAA213E000DB6CE /* Supporting Files */,
			);
			path = iPad;
			sourceTree = "<group>";
		};
		18D61E1D1DAA213E000DB6CE /* Supporting Files */ = {
			isa = PBXGroup;
			children = (
				18D61E1E1DAA213E000DB6CE /* main.m */,
			);
			name = "Supporting Files";
			sourceTree = "<group>";
		};
/* End PBXGroup section */

/* Begin PBXNativeTarget section */
		18D61E191DAA213E000DB6CE /* iPad */ = {
			isa = PBXNativeTarget;
			buildConfigurationList = 18D61E311DAA213E000DB6CE /* Build configuration list for PBXNativeTarget "iPad" */;
			buildPhases = (
				18D61E161DAA213E000DB6CE /* Sources */,
				18D61E171DAA213E000DB6CE /* Frameworks */,
				18D61E181DAA213E000DB6CE /* Resources */,
			);
			buildRules = (
			);
			dependencies = (
			);
			name = iPad;
			productName = iPad;
			productReference = 18D61E1A1DAA213E000DB6CE /* iPad.app */;
			productType = "com.apple.product-type.application";
		};
/* End PBXNativeTarget section */

/* Begin PBXProject section */
		18D61E121DAA213E000DB6CE /* Project object */ = {
			isa = PBXProject;
			attributes = {
				LastUpgradeCheck = 0800;
				ORGANIZATIONNAME = Liancheng;
				TargetAttributes = {
					18D61E191DAA213E000DB6CE = {
						CreatedOnToolsVersion = 8.0;
						DevelopmentTeam = 74ACG5P4VE;
						ProvisioningStyle = Automatic;
					};
				};
			};
			buildConfigurationList = 18D61E151DAA213E000DB6CE /* Build configuration list for PBXProject "iPad" */;
			compatibilityVersion = "Xcode 3.2";
			developmentRegion = English;
			hasScannedForEncodings = 0;
			knownRegions = (
				en,
				Base,
			);
			mainGroup = 18D61E111DAA213E000DB6CE;
			productRefGroup = 18D61E1B1DAA213E000DB6CE /* Products */;
			projectDirPath = "";
			projectRoot = "";
			targets = (
				18D61E191DAA213E000DB6CE /* iPad */,
			);
		};
/* End PBXProject section */

/* Begin PBXResourcesBuildPhase section */
		18D61E181DAA213E000DB6CE /* Resources */ = {
			isa = PBXResourcesBuildPhase;
			buildActionMask = 2147483647;
			files = (
				18D61E2D1DAA213E000DB6CE /* LaunchScreen.storyboard in Resources */,
				18D61E2A1DAA213E000DB6CE /* Assets.xcassets in Resources */,
				18D61E421DAA2848000DB6CE /* ThirdViewController.xib in Resources */,
				18D61E281DAA213E000DB6CE /* Main.storyboard in Resources */,
				18D61E381DAA281F000DB6CE /* FirstViewController.xib in Resources */,
				18D61E3D1DAA2832000DB6CE /* SecondViewController.xib in Resources */,
			);
			runOnlyForDeploymentPostprocessing = 0;
		};
/* End PBXResourcesBuildPhase section */

/* Begin PBXSourcesBuildPhase section */
		18D61E161DAA213E000DB6CE /* Sources */ = {
			isa = PBXSourcesBuildPhase;
			buildActionMask = 2147483647;
			files = (
				18D61E3C1DAA2832000DB6CE /* SecondViewController.m in Sources */,
				18D61E251DAA213E000DB6CE /* ViewController.m in Sources */,
				18D61E481DAA34D6000DB6CE /* Dog.m in Sources */,
				18D61E411DAA2848000DB6CE /* ThirdViewController.m in Sources */,
				18D61E221DAA213E000DB6CE /* AppDelegate.m in Sources */,
				18D61E451DAA344D000DB6CE /* Animal.m in Sources */,
				18D61E4B1DAA3D6C000DB6CE /* Eat.m in Sources */,
				18D61E1F1DAA213E000DB6CE /* main.m in Sources */,
				18D61E371DAA281F000DB6CE /* FirstViewController.m in Sources */,
			);
			runOnlyForDeploymentPostprocessing = 0;
		};
/* End PBXSourcesBuildPhase section */

/* Begin PBXVariantGroup section */
		18D61E261DAA213E000DB6CE /* Main.storyboard */ = {
			isa = PBXVariantGroup;
			children = (
				18D61E271DAA213E000DB6CE /* Base */,
			);
			name = Main.storyboard;
			sourceTree = "<group>";
		};
		18D61E2B1DAA213E000DB6CE /* LaunchScreen.storyboard */ = {
			isa = PBXVariantGroup;
			children = (
				18D61E2C1DAA213E000DB6CE /* Base */,
			);
			name = LaunchScreen.storyboard;
			sourceTree = "<group>";
		};
/* End PBXVariantGroup section */

/* Begin XCBuildConfiguration section */
		18D61E2F1DAA213E000DB6CE /* Debug */ = {
			isa = XCBuildConfiguration;
			buildSettings = {
				ALWAYS_SEARCH_USER_PATHS = NO;
				CLANG_ANALYZER_NONNULL = YES;
				CLANG_CXX_LANGUAGE_STANDARD = "gnu++0x";
				CLANG_CXX_LIBRARY = "libc++";
				CLANG_ENABLE_MODULES = YES;
				CLANG_ENABLE_OBJC_ARC = YES;
				CLANG_WARN_BOOL_CONVERSION = YES;
				CLANG_WARN_CONSTANT_CONVERSION = YES;
				CLANG_WARN_DIRECT_OBJC_ISA_USAGE = YES_ERROR;
				CLANG_WARN_DOCUMENTATION_COMMENTS = YES;
				CLANG_WARN_EMPTY_BODY = YES;
				CLANG_WARN_ENUM_CONVERSION = YES;
				CLANG_WARN_INFINITE_RECURSION = YES;
				CLANG_WARN_INT_CONVERSION = YES;
				CLANG_WARN_OBJC_ROOT_CLASS = YES_ERROR;
				CLANG_WARN_SUSPICIOUS_MOVES = YES;
				CLANG_WARN_UNREACHABLE_CODE = YES;
				CLANG_WARN__DUPLICATE_METHOD_MATCH = YES;
				"CODE_SIGN_IDENTITY[sdk=iphoneos*]" = "iPhone Developer";
				COPY_PHASE_STRIP = NO;
				DEBUG_INFORMATION_FORMAT = dwarf;
				ENABLE_STRICT_OBJC_MSGSEND = YES;
				ENABLE_TESTABILITY = YES;
				GCC_C_LANGUAGE_STANDARD = gnu99;
				GCC_DYNAMIC_NO_PIC = NO;
				GCC_NO_COMMON_BLOCKS = YES;
				GCC_OPTIMIZATION_LEVEL = 0;
				GCC_PREPROCESSOR_DEFINITIONS = (
					"DEBUG=1",
					"$(inherited)",
				);
				GCC_WARN_64_TO_32_BIT_CONVERSION = YES;
				GCC_WARN_ABOUT_RETURN_TYPE = YES_ERROR;
				GCC_WARN_UNDECLARED_SELECTOR = YES;
				GCC_WARN_UNINITIALIZED_AUTOS = YES_AGGRESSIVE;
				GCC_WARN_UNUSED_FUNCTION = YES;
				GCC_WARN_UNUSED_VARIABLE = YES;
				IPHONEOS_DEPLOYMENT_TARGET = 10.0;
				MTL_ENABLE_DEBUG_INFO = YES;
				ONLY_ACTIVE_ARCH = YES;
				SDKROOT = iphoneos;
				TARGETED_DEVICE_FAMILY = "1,2";
			};
			name = Debug;
		};
		18D61E301DAA213E000DB6CE /* Release */ = {
			isa = XCBuildConfiguration;
			buildSettings = {
				ALWAYS_SEARCH_USER_PATHS = NO;
				CLANG_ANALYZER_NONNULL = YES;
				CLANG_CXX_LANGUAGE_STANDARD = "gnu++0x";
				CLANG_CXX_LIBRARY = "libc++";
				CLANG_ENABLE_MODULES = YES;
				CLANG_ENABLE_OBJC_ARC = YES;
				CLANG_WARN_BOOL_CONVERSION = YES;
				CLANG_WARN_CONSTANT_CONVERSION = YES;
				CLANG_WARN_DIRECT_OBJC_ISA_USAGE = YES_ERROR;
				CLANG_WARN_DOCUMENTATION_COMMENTS = YES;
				CLANG_WARN_EMPTY_BODY = YES;
				CLANG_WARN_ENUM_CONVERSION = YES;
				CLANG_WARN_INFINITE_RECURSION = YES;
				CLANG_WARN_INT_CONVERSION = YES;
				CLANG_WARN_OBJC_ROOT_CLASS = YES_ERROR;
				CLANG_WARN_SUSPICIOUS_MOVES = YES;
				CLANG_WARN_UNREACHABLE_CODE = YES;
				CLANG_WARN__DUPLICATE_METHOD_MATCH = YES;
				"CODE_SIGN_IDENTITY[sdk=iphoneos*]" = "iPhone Developer";
				COPY_PHASE_STRIP = NO;
				DEBUG_INFORMATION_FORMAT = "dwarf-with-dsym";
				ENABLE_NS_ASSERTIONS = NO;
				ENABLE_STRICT_OBJC_MSGSEND = YES;
				GCC_C_LANGUAGE_STANDARD = gnu99;
				GCC_NO_COMMON_BLOCKS = YES;
				GCC_WARN_64_TO_32_BIT_CONVERSION = YES;
				GCC_WARN_ABOUT_RETURN_TYPE = YES_ERROR;
				GCC_WARN_UNDECLARED_SELECTOR = YES;
				GCC_WARN_UNINITIALIZED_AUTOS = YES_AGGRESSIVE;
				GCC_WARN_UNUSED_FUNCTION = YES;
				GCC_WARN_UNUSED_VARIABLE = YES;
				IPHONEOS_DEPLOYMENT_TARGET = 10.0;
				MTL_ENABLE_DEBUG_INFO = NO;
				SDKROOT = iphoneos;
				TARGETED_DEVICE_FAMILY = "1,2";
				VALIDATE_PRODUCT = YES;
			};
			name = Release;
		};
		18D61E321DAA213E000DB6CE /* Debug */ = {
			isa = XCBuildConfiguration;
			buildSettings = {
				ASSETCATALOG_COMPILER_APPICON_NAME = AppIcon;
				DEVELOPMENT_TEAM = 74ACG5P4VE;
				INFOPLIST_FILE = iPad/Info.plist;
				LD_RUNPATH_SEARCH_PATHS = "$(inherited) @executable_path/Frameworks";
				PRODUCT_BUNDLE_IDENTIFIER = com.Liancheng.iPad;
				PRODUCT_NAME = "$(TARGET_NAME)";
			};
			name = Debug;
		};
		18D61E331DAA213E000DB6CE /* Release */ = {
			isa = XCBuildConfiguration;
			buildSettings = {
				ASSETCATALOG_COMPILER_APPICON_NAME = AppIcon;
				DEVELOPMENT_TEAM = 74ACG5P4VE;
				INFOPLIST_FILE = iPad/Info.plist;
				LD_RUNPATH_SEARCH_PATHS = "$(inherited) @executable_path/Frameworks";
				PRODUCT_BUNDLE_IDENTIFIER = com.Liancheng.iPad;
				PRODUCT_NAME = "$(TARGET_NAME)";
			};
			name = Release;
		};
/* End XCBuildConfiguration section */

/* Begin XCConfigurationList section */
		18D61E151DAA213E000DB6CE /* Build configuration list for PBXProject "iPad" */ = {
			isa = XCConfigurationList;
			buildConfigurations = (
				18D61E2F1DAA213E000DB6CE /* Debug */,
				18D61E301DAA213E000DB6CE /* Release */,
			);
			defaultConfigurationIsVisible = 0;
			defaultConfigurationName = Release;
		};
		18D61E311DAA213E000DB6CE /* Build configuration list for PBXNativeTarget "iPad" */ = {
			isa = XCConfigurationList;
			buildConfigurations = (
				18D61E321DAA213E000DB6CE /* Debug */,
				18D61E331DAA213E000DB6CE /* Release */,
			);
			defaultConfigurationIsVisible = 0;
			defaultConfigurationName = Release;
		};
/* End XCConfigurationList section */
	};
	rootObject = 18D61E121DAA213E000DB6CE /* Project object */;
}
